
Microsoft Visual Studio Solution File, Format Version 12.00
# Visual Studio Version 17
VisualStudioVersion = 17.5.002.0
MinimumVisualStudioVersion = 10.0.40219.1
Project("{9A19103F-16F7-4668-BE54-9A1E7A4F7556}") = "ProyectoBugsManager", "ProyectoBugsManager\ProyectoBugsManager.csproj", "{4AA591A4-C734-4699-BFCE-37EE0D889AE6}"
EndProject
Global
	GlobalSection(SolutionConfigurationPlatforms) = preSolution
		Debug|Any CPU = Debug|Any CPU
		Release|Any CPU = Release|Any CPU
	EndGlobalSection
	GlobalSection(ProjectConfigurationPlatforms) = postSolution
		{4AA591A4-C734-4699-BFCE-37EE0D889AE6}.Debug|Any CPU.ActiveCfg = Debug|Any CPU
		{4AA591A4-C734-4699-BFCE-37EE0D889AE6}.Debug|Any CPU.Build.0 = Debug|Any CPU
		{4AA591A4-C734-4699-BFCE-37EE0D889AE6}.Release|Any CPU.ActiveCfg = Release|Any CPU
		{4AA591A4-C734-4699-BFCE-37EE0D889AE6}.Release|Any CPU.Build.0 = Release|Any CPU
	EndGlobalSection
	GlobalSection(SolutionProperties) = preSolution
		HideSolutionNode = FALSE
	EndGlobalSection
	GlobalSection(ExtensibilityGlobals) = postSolution
		SolutionGuid = {49A41590-54CD-4164-BA3E-58F6BEC84354}
	EndGlobalSection
EndGlobal
